<?xml version="1.0" encoding="utf-8"?>
<Project ToolsVersion="4.0" xmlns="http://schemas.microsoft.com/developer/msbuild/2003">
  <ItemGroup>
    <Filter Include="リソース ファイル">
      <UniqueIdentifier>{67DA6AB6-F800-4c08-8B7A-83BB121AAD01}</UniqueIdentifier>
      <Extensions>rc;ico;cur;bmp;dlg;rc2;rct;bin;rgs;gif;jpg;jpeg;jpe;resx;tiff;tif;png;wav;mfcribbon-ms</Extensions>
    </Filter>
    <Filter Include="Skin">
      <UniqueIdentifier>{3f4f968b-c6e8-4420-998a-1a4f322dd0d5}</UniqueIdentifier>
    </Filter>
    <Filter Include="System">
      <UniqueIdentifier>{5eb6d0a7-afc6-43d6-abda-a32a07bfbaca}</UniqueIdentifier>
    </Filter>
    <Filter Include="Mesh">
      <UniqueIdentifier>{66a4ee0a-f5e1-4b52-b020-a2cfc3258488}</UniqueIdentifier>
    </Filter>
    <Filter Include="Cluster">
      <UniqueIdentifier>{767a369e-95f7-4a2a-9ab8-bd15d1b50146}</UniqueIdentifier>
    </Filter>
    <Filter Include="Material">
      <UniqueIdentifier>{ced4ad26-81c2-4c98-8806-1a329a6f659b}</UniqueIdentifier>
    </Filter>
    <Filter Include="Model">
      <UniqueIdentifier>{6fec02eb-6fc2-4a04-899b-08f1989414e0}</UniqueIdentifier>
    </Filter>
    <Filter Include="AnimationTake">
      <UniqueIdentifier>{9a0a19d4-a780-4272-aecf-a3752228af67}</UniqueIdentifier>
    </Filter>
  </ItemGroup>
  <ItemGroup>
    <ClCompile Include="Main.cpp" />
    <ClCompile Include="Source\AnimationTake\AnimationTake.cpp">
      <Filter>AnimationTake</Filter>
    </ClCompile>
    <ClCompile Include="Source\Cluster\Cluster.cpp">
      <Filter>Cluster</Filter>
    </ClCompile>
    <ClCompile Include="Source\Material\Material.cpp">
      <Filter>Material</Filter>
    </ClCompile>
    <ClCompile Include="Source\Mesh\Mesh.cpp">
      <Filter>Mesh</Filter>
    </ClCompile>
    <ClCompile Include="Source\Model\Model.cpp">
      <Filter>Model</Filter>
    </ClCompile>
    <ClCompile Include="Source\Skin\Skin.cpp">
      <Filter>Skin</Filter>
    </ClCompile>
    <ClCompile Include="Source\System\System.cpp">
      <Filter>System</Filter>
    </ClCompile>
  </ItemGroup>
  <ItemGroup>
    <ClInclude Include="Source\AnimationTake\AnimationTake.h">
      <Filter>AnimationTake</Filter>
    </ClInclude>
    <ClInclude Include="Source\Cluster\Cluster.h">
      <Filter>Cluster</Filter>
    </ClInclude>
    <ClInclude Include="Source\Material\Material.h">
      <Filter>Material</Filter>
    </ClInclude>
    <ClInclude Include="Source\Mesh\Mesh.h">
      <Filter>Mesh</Filter>
    </ClInclude>
    <ClInclude Include="Source\Model\Model.h">
      <Filter>Model</Filter>
    </ClInclude>
    <ClInclude Include="Source\Skin\Skin.h">
      <Filter>Skin</Filter>
    </ClInclude>
    <ClInclude Include="Source\System\System.h">
      <Filter>System</Filter>
    </ClInclude>
    <ClInclude Include="Source\Common.h" />
    <ClInclude Include="FbxLoader.h" />
  </ItemGroup>
</Project>